<?xml version="1.0" encoding="UTF-8" standalone="yes" ?>
<CodeBlocks_project_file>
	<FileVersion major="1" minor="6" />
	<Project>
		<Option title="Monster Fight!" />
		<Option pch_mode="2" />
		<Option compiler="gcc" />
		<Build>
			<Target title="Debug">
				<Option output="bin/Debug/Brave_Soldier" prefix_auto="1" extension_auto="1" />
				<Option object_output="obj/Debug/" />
				<Option type="1" />
				<Option compiler="gcc" />
				<Compiler>
					<Add option="-g" />
				</Compiler>
			</Target>
			<Target title="Release">
				<Option output="bin/Release/Brave_Soldier" prefix_auto="1" extension_auto="1" />
				<Option object_output="obj/Release/" />
				<Option type="1" />
				<Option compiler="gcc" />
				<Compiler>
					<Add option="-O2" />
				</Compiler>
				<Linker>
					<Add option="-s" />
				</Linker>
			</Target>
		</Build>
		<Compiler>
			<Add option="-Wall" />
			<Add option="-fexceptions" />
		</Compiler>
		<Unit filename="BaseObject.cpp" />
		<Unit filename="BaseObject.h" />
		<Unit filename="Boss.cpp" />
		<Unit filename="Boss.h" />
		<Unit filename="Bullet.cpp" />
		<Unit filename="Bullet.h" />
		<Unit filename="CommonFunc.cpp" />
		<Unit filename="CommonFunc.h" />
		<Unit filename="Explosion.cpp" />
		<Unit filename="Explosion.h" />
		<Unit filename="Geometry.cpp" />
		<Unit filename="Geometry.h" />
		<Unit filename="MainCharacter.cpp" />
		<Unit filename="MainCharacter.h" />
		<Unit filename="MainStatus.cpp" />
		<Unit filename="MainStatus.h" />
		<Unit filename="Text.cpp" />
		<Unit filename="Text.h" />
		<Unit filename="Threat.cpp" />
		<Unit filename="Threat.h" />
		<Unit filename="Timer.cpp" />
		<Unit filename="Timer.h" />
		<Unit filename="game_map.cpp" />
		<Unit filename="game_map.h" />
		<Unit filename="main.cpp" />
		<Extensions>
			<lib_finder disable_auto="1" />
		</Extensions>
	</Project>
</CodeBlocks_project_file>
